<?xml version="1.0" encoding="utf-8"?>
<Project ToolsVersion="4.0" xmlns="http://schemas.microsoft.com/developer/msbuild/2003">
  <ItemGroup>
    <Filter Include="Source Files">
      <UniqueIdentifier>{4FC737F1-C7A5-4376-A066-2A32D752A2FF}</UniqueIdentifier>
      <Extensions>cpp;c;cc;cxx;c++;cppm;ixx;def;odl;idl;hpj;bat;asm;asmx</Extensions>
    </Filter>
    <Filter Include="Header Files">
      <UniqueIdentifier>{93995380-89BD-4b04-88EB-625FBE52EBFB}</UniqueIdentifier>
      <Extensions>h;hh;hpp;hxx;h++;hm;inl;inc;ipp;xsd</Extensions>
    </Filter>
    <Filter Include="Resource Files">
      <UniqueIdentifier>{67DA6AB6-F800-4c08-8B7A-83BB121AAD01}</UniqueIdentifier>
      <Extensions>rc;ico;cur;bmp;dlg;rc2;rct;bin;rgs;gif;jpg;jpeg;jpe;resx;tiff;tif;png;wav;mfcribbon-ms</Extensions>
    </Filter>
    <Filter Include="Source Files\IPC">
      <UniqueIdentifier>{A1B2C3D4-E5F6-7890-ABCD-EF1234567890}</UniqueIdentifier>
    </Filter>
    <Filter Include="Header Files\IPC">
      <UniqueIdentifier>{B2C3D4E5-F6A7-8901-BCDE-F12345678901}</UniqueIdentifier>
    </Filter>
  </ItemGroup>
  <ItemGroup>
    <ClInclude Include="framework.h">
      <Filter>Header Files</Filter>
    </ClInclude>
    <ClInclude Include="pch.h">
      <Filter>Header Files</Filter>
    </ClInclude>
    <ClInclude Include="DlpCommon.h">
      <Filter>Header Files</Filter>
    </ClInclude>
    <ClInclude Include="DlpIpc.h">
      <Filter>Header Files\IPC</Filter>
    </ClInclude>
    <ClInclude Include="DlpIpcServer.h">
      <Filter>Header Files\IPC</Filter>
    </ClInclude>
    <ClInclude Include="DlpIpcClient.h">
      <Filter>Header Files\IPC</Filter>
    </ClInclude>
    <ClInclude Include="ClipboardHook.h">
      <Filter>Header Files</Filter>
    </ClInclude>
    <ClInclude Include="FileUploadHook.h">
      <Filter>Header Files</Filter>
    </ClInclude>
    <ClInclude Include="Inflate.h">
      <Filter>Header Files</Filter>
    </ClInclude>
    <ClInclude Include="PdfTextExtractor.h">
      <Filter>Header Files</Filter>
    </ClInclude>
    <ClInclude Include="ScreenCaptureProtection.h">
      <Filter>Header Files</Filter>
    </ClInclude>
  </ItemGroup>
  <ItemGroup>
    <ClCompile Include="dllmain.cpp">
      <Filter>Source Files</Filter>
    </ClCompile>
    <ClCompile Include="pch.cpp">
      <Filter>Source Files</Filter>
    </ClCompile>
    <ClCompile Include="DlpCommon.cpp">
      <Filter>Source Files</Filter>
    </ClCompile>
    <ClCompile Include="DlpIpc.cpp">
      <Filter>Source Files\IPC</Filter>
    </ClCompile>
    <ClCompile Include="DlpIpcServer.cpp">
      <Filter>Source Files\IPC</Filter>
    </ClCompile>
    <ClCompile Include="DlpIpcClient.cpp">
      <Filter>Source Files\IPC</Filter>
    </ClCompile>
    <ClCompile Include="ClipboardHook.cpp">
      <Filter>Source Files</Filter>
    </ClCompile>
    <ClCompile Include="FileUploadHook.cpp">
      <Filter>Source Files</Filter>
    </ClCompile>
    <ClCompile Include="Inflate.cpp">
      <Filter>Source Files</Filter>
    </ClCompile>
    <ClCompile Include="PdfTextExtractor.cpp">
      <Filter>Source Files</Filter>
    </ClCompile>
    <ClCompile Include="ScreenCaptureProtection.cpp">
      <Filter>Source Files</Filter>
    </ClCompile>
  </ItemGroup>
  <ItemGroup>
    <None Include="packages.config" />
  </ItemGroup>
</Project>
